
Microsoft Visual Studio Solution File, Format Version 12.00
Project("{2150E333-8FDC-42A3-9474-1A3956D46DE8}") = "src", "src", "{72A561BD-E342-4636-BBF3-66879EB7F92F}"
EndProject
Project("{2150E333-8FDC-42A3-9474-1A3956D46DE8}") = "eksiSozluk", "eksiSozluk", "{F6D1F0D3-8E2B-4778-9B05-0B733A83AEEE}"
EndProject
Project("{2150E333-8FDC-42A3-9474-1A3956D46DE8}") = "corePackages", "corePackages", "{56E8A805-FCF2-4CE3-9053-E574BC5068AC}"
EndProject
Project("{FAE04EC0-301F-11D3-BF4B-00C04F79EFBC}") = "Core.Security", "src\corePackages\Core.Security\Core.Security.csproj", "{7A9AE894-759C-4382-8710-0675F57C86C6}"
EndProject
Project("{FAE04EC0-301F-11D3-BF4B-00C04F79EFBC}") = "Core.CrossCuttingConcerns", "src\corePackages\Core.CrossCuttingConcerns\Core.CrossCuttingConcerns.csproj", "{ADA1F5DA-E981-44FA-9E9E-1B007EC1F677}"
EndProject
Project("{FAE04EC0-301F-11D3-BF4B-00C04F79EFBC}") = "Core.Application", "src\corePackages\Core.Application\Core.Application.csproj", "{40A8141C-BC4D-4B83-A138-0067E4177D47}"
EndProject
Project("{FAE04EC0-301F-11D3-BF4B-00C04F79EFBC}") = "Core.ElasticSearch", "src\corePackages\Core.ElasticSearch\Core.ElasticSearch.csproj", "{C43E0704-9D20-4BFF-B0F1-BE095DC74DBE}"
EndProject
Project("{FAE04EC0-301F-11D3-BF4B-00C04F79EFBC}") = "Core.Mailing", "src\corePackages\Core.Mailing\Core.Mailing.csproj", "{65B56700-91E2-45A9-A6BB-1DBD89174AAF}"
EndProject
Project("{FAE04EC0-301F-11D3-BF4B-00C04F79EFBC}") = "Core.Persistence", "src\corePackages\Core.Persistence\Core.Persistence.csproj", "{84D66B07-64BC-48D6-A46C-FD3902914D30}"
EndProject
Project("{FAE04EC0-301F-11D3-BF4B-00C04F79EFBC}") = "EksiSozluk.Domain", "src\eksiSozluk\EksiSozluk.Domain\EksiSozluk.Domain.csproj", "{31132387-E5DC-4E95-8A4B-F6D58386742C}"
EndProject
Project("{FAE04EC0-301F-11D3-BF4B-00C04F79EFBC}") = "EksiSozluk.Application", "src\eksiSozluk\EksiSozluk.Application\EksiSozluk.Application.csproj", "{A94DA55A-D3D0-420D-9D65-9DF5358C77C7}"
EndProject
Project("{FAE04EC0-301F-11D3-BF4B-00C04F79EFBC}") = "EksiSozluk.Infrastructure", "src\eksiSozluk\EksiSozluk.Infrastructure\EksiSozluk.Infrastructure.csproj", "{B87E3A08-AC36-4ADD-90C4-93FAD4415959}"
EndProject
Project("{FAE04EC0-301F-11D3-BF4B-00C04F79EFBC}") = "EksiSozluk.Persistence", "src\eksiSozluk\EksiSozluk.Persistence\EksiSozluk.Persistence.csproj", "{DDE54366-4ABF-4251-B659-2DFE21B9078C}"
EndProject
Project("{FAE04EC0-301F-11D3-BF4B-00C04F79EFBC}") = "EksiSozluk.WebAPI", "src\eksiSozluk\EksiSozluk.WebAPI\EksiSozluk.WebAPI.csproj", "{8742D949-B876-409A-B2D5-E216188E3C04}"
EndProject
Global
	GlobalSection(SolutionConfigurationPlatforms) = preSolution
		Debug|Any CPU = Debug|Any CPU
		Release|Any CPU = Release|Any CPU
	EndGlobalSection
	GlobalSection(NestedProjects) = preSolution
		{F6D1F0D3-8E2B-4778-9B05-0B733A83AEEE} = {72A561BD-E342-4636-BBF3-66879EB7F92F}
		{7A9AE894-759C-4382-8710-0675F57C86C6} = {56E8A805-FCF2-4CE3-9053-E574BC5068AC}
		{ADA1F5DA-E981-44FA-9E9E-1B007EC1F677} = {56E8A805-FCF2-4CE3-9053-E574BC5068AC}
		{40A8141C-BC4D-4B83-A138-0067E4177D47} = {56E8A805-FCF2-4CE3-9053-E574BC5068AC}
		{C43E0704-9D20-4BFF-B0F1-BE095DC74DBE} = {56E8A805-FCF2-4CE3-9053-E574BC5068AC}
		{65B56700-91E2-45A9-A6BB-1DBD89174AAF} = {56E8A805-FCF2-4CE3-9053-E574BC5068AC}
		{84D66B07-64BC-48D6-A46C-FD3902914D30} = {56E8A805-FCF2-4CE3-9053-E574BC5068AC}
		{31132387-E5DC-4E95-8A4B-F6D58386742C} = {F6D1F0D3-8E2B-4778-9B05-0B733A83AEEE}
		{A94DA55A-D3D0-420D-9D65-9DF5358C77C7} = {F6D1F0D3-8E2B-4778-9B05-0B733A83AEEE}
		{B87E3A08-AC36-4ADD-90C4-93FAD4415959} = {F6D1F0D3-8E2B-4778-9B05-0B733A83AEEE}
		{DDE54366-4ABF-4251-B659-2DFE21B9078C} = {F6D1F0D3-8E2B-4778-9B05-0B733A83AEEE}
		{8742D949-B876-409A-B2D5-E216188E3C04} = {F6D1F0D3-8E2B-4778-9B05-0B733A83AEEE}
		{56E8A805-FCF2-4CE3-9053-E574BC5068AC} = {72A561BD-E342-4636-BBF3-66879EB7F92F}
	EndGlobalSection
	GlobalSection(ProjectConfigurationPlatforms) = postSolution
		{7A9AE894-759C-4382-8710-0675F57C86C6}.Debug|Any CPU.ActiveCfg = Debug|Any CPU
		{7A9AE894-759C-4382-8710-0675F57C86C6}.Debug|Any CPU.Build.0 = Debug|Any CPU
		{7A9AE894-759C-4382-8710-0675F57C86C6}.Release|Any CPU.ActiveCfg = Release|Any CPU
		{7A9AE894-759C-4382-8710-0675F57C86C6}.Release|Any CPU.Build.0 = Release|Any CPU
		{ADA1F5DA-E981-44FA-9E9E-1B007EC1F677}.Debug|Any CPU.ActiveCfg = Debug|Any CPU
		{ADA1F5DA-E981-44FA-9E9E-1B007EC1F677}.Debug|Any CPU.Build.0 = Debug|Any CPU
		{ADA1F5DA-E981-44FA-9E9E-1B007EC1F677}.Release|Any CPU.ActiveCfg = Release|Any CPU
		{ADA1F5DA-E981-44FA-9E9E-1B007EC1F677}.Release|Any CPU.Build.0 = Release|Any CPU
		{40A8141C-BC4D-4B83-A138-0067E4177D47}.Debug|Any CPU.ActiveCfg = Debug|Any CPU
		{40A8141C-BC4D-4B83-A138-0067E4177D47}.Debug|Any CPU.Build.0 = Debug|Any CPU
		{40A8141C-BC4D-4B83-A138-0067E4177D47}.Release|Any CPU.ActiveCfg = Release|Any CPU
		{40A8141C-BC4D-4B83-A138-0067E4177D47}.Release|Any CPU.Build.0 = Release|Any CPU
		{C43E0704-9D20-4BFF-B0F1-BE095DC74DBE}.Debug|Any CPU.ActiveCfg = Debug|Any CPU
		{C43E0704-9D20-4BFF-B0F1-BE095DC74DBE}.Debug|Any CPU.Build.0 = Debug|Any CPU
		{C43E0704-9D20-4BFF-B0F1-BE095DC74DBE}.Release|Any CPU.ActiveCfg = Release|Any CPU
		{C43E0704-9D20-4BFF-B0F1-BE095DC74DBE}.Release|Any CPU.Build.0 = Release|Any CPU
		{65B56700-91E2-45A9-A6BB-1DBD89174AAF}.Debug|Any CPU.ActiveCfg = Debug|Any CPU
		{65B56700-91E2-45A9-A6BB-1DBD89174AAF}.Debug|Any CPU.Build.0 = Debug|Any CPU
		{65B56700-91E2-45A9-A6BB-1DBD89174AAF}.Release|Any CPU.ActiveCfg = Release|Any CPU
		{65B56700-91E2-45A9-A6BB-1DBD89174AAF}.Release|Any CPU.Build.0 = Release|Any CPU
		{84D66B07-64BC-48D6-A46C-FD3902914D30}.Debug|Any CPU.ActiveCfg = Debug|Any CPU
		{84D66B07-64BC-48D6-A46C-FD3902914D30}.Debug|Any CPU.Build.0 = Debug|Any CPU
		{84D66B07-64BC-48D6-A46C-FD3902914D30}.Release|Any CPU.ActiveCfg = Release|Any CPU
		{84D66B07-64BC-48D6-A46C-FD3902914D30}.Release|Any CPU.Build.0 = Release|Any CPU
		{31132387-E5DC-4E95-8A4B-F6D58386742C}.Debug|Any CPU.ActiveCfg = Debug|Any CPU
		{31132387-E5DC-4E95-8A4B-F6D58386742C}.Debug|Any CPU.Build.0 = Debug|Any CPU
		{31132387-E5DC-4E95-8A4B-F6D58386742C}.Release|Any CPU.ActiveCfg = Release|Any CPU
		{31132387-E5DC-4E95-8A4B-F6D58386742C}.Release|Any CPU.Build.0 = Release|Any CPU
		{A94DA55A-D3D0-420D-9D65-9DF5358C77C7}.Debug|Any CPU.ActiveCfg = Debug|Any CPU
		{A94DA55A-D3D0-420D-9D65-9DF5358C77C7}.Debug|Any CPU.Build.0 = Debug|Any CPU
		{A94DA55A-D3D0-420D-9D65-9DF5358C77C7}.Release|Any CPU.ActiveCfg = Release|Any CPU
		{A94DA55A-D3D0-420D-9D65-9DF5358C77C7}.Release|Any CPU.Build.0 = Release|Any CPU
		{B87E3A08-AC36-4ADD-90C4-93FAD4415959}.Debug|Any CPU.ActiveCfg = Debug|Any CPU
		{B87E3A08-AC36-4ADD-90C4-93FAD4415959}.Debug|Any CPU.Build.0 = Debug|Any CPU
		{B87E3A08-AC36-4ADD-90C4-93FAD4415959}.Release|Any CPU.ActiveCfg = Release|Any CPU
		{B87E3A08-AC36-4ADD-90C4-93FAD4415959}.Release|Any CPU.Build.0 = Release|Any CPU
		{DDE54366-4ABF-4251-B659-2DFE21B9078C}.Debug|Any CPU.ActiveCfg = Debug|Any CPU
		{DDE54366-4ABF-4251-B659-2DFE21B9078C}.Debug|Any CPU.Build.0 = Debug|Any CPU
		{DDE54366-4ABF-4251-B659-2DFE21B9078C}.Release|Any CPU.ActiveCfg = Release|Any CPU
		{DDE54366-4ABF-4251-B659-2DFE21B9078C}.Release|Any CPU.Build.0 = Release|Any CPU
		{8742D949-B876-409A-B2D5-E216188E3C04}.Debug|Any CPU.ActiveCfg = Debug|Any CPU
		{8742D949-B876-409A-B2D5-E216188E3C04}.Debug|Any CPU.Build.0 = Debug|Any CPU
		{8742D949-B876-409A-B2D5-E216188E3C04}.Release|Any CPU.ActiveCfg = Release|Any CPU
		{8742D949-B876-409A-B2D5-E216188E3C04}.Release|Any CPU.Build.0 = Release|Any CPU
	EndGlobalSection
EndGlobal
